// !$*UTF8*$!
{
	archiveVersion = 1;
	classes = {
	};
	objectVersion = 50;
	objects = {

/* Begin PBXBuildFile section */
		2969EFB77114552A67651A58 /* Pods_SampleTests.framework in Frameworks */ = {isa = PBXBuildFile; fileRef = CA713E768269E10C748D79D5 /* Pods_SampleTests.framework */; };
		3E95EF257C290307D4AC8362 /* Pods_SampleUITests.framework in Frameworks */ = {isa = PBXBuildFile; fileRef = B1491E334D2A515AF7E305B9 /* Pods_SampleUITests.framework */; };
		A6E84768248CA0130087D6C7 /* AppDelegate.swift in Sources */ = {isa = PBXBuildFile; fileRef = A6E84767248CA0130087D6C7 /* AppDelegate.swift */; };
		A6E8476A248CA0130087D6C7 /* SceneDelegate.swift in Sources */ = {isa = PBXBuildFile; fileRef = A6E84769248CA0130087D6C7 /* SceneDelegate.swift */; };
		A6E8476C248CA0130087D6C7 /* ViewController.swift in Sources */ = {isa = PBXBuildFile; fileRef = A6E8476B248CA0130087D6C7 /* ViewController.swift */; };
		A6E8476F248CA0130087D6C7 /* Main.storyboard in Resources */ = {isa = PBXBuildFile; fileRef = A6E8476D248CA0130087D6C7 /* Main.storyboard */; };
		A6E84771248CA0170087D6C7 /* Assets.xcassets in Resources */ = {isa = PBXBuildFile; fileRef = A6E84770248CA0170087D6C7 /* Assets.xcassets */; };
		A6E84774248CA0170087D6C7 /* LaunchScreen.storyboard in Resources */ = {isa = PBXBuildFile; fileRef = A6E84772248CA0170087D6C7 /* LaunchScreen.storyboard */; };
		A6E8477F248CA0170087D6C7 /* SampleTests.swift in Sources */ = {isa = PBXBuildFile; fileRef = A6E8477E248CA0170087D6C7 /* SampleTests.swift */; };
		A6E8478A248CA0170087D6C7 /* SampleUITests.swift in Sources */ = {isa = PBXBuildFile; fileRef = A6E84789248CA0170087D6C7 /* SampleUITests.swift */; };
		A6E84799248CD30F0087D6C7 /* Alamofire.framework in Frameworks */ = {isa = PBXBuildFile; fileRef = A6E84798248CD30F0087D6C7 /* Alamofire.framework */; };
		A6E8479A248CD30F0087D6C7 /* Alamofire.framework in Embed Frameworks */ = {isa = PBXBuildFile; fileRef = A6E84798248CD30F0087D6C7 /* Alamofire.framework */; settings = {ATTRIBUTES = (CodeSignOnCopy, RemoveHeadersOnCopy, ); }; };
		E1BD09FBF81F4A74F844C954 /* Pods_Sample.framework in Frameworks */ = {isa = PBXBuildFile; fileRef = 43BA16D0E3E061E1277FE18E /* Pods_Sample.framework */; };
/* End PBXBuildFile section */

/* Begin PBXContainerItemProxy section */
		A6E8477B248CA0170087D6C7 /* PBXContainerItemProxy */ = {
			isa = PBXContainerItemProxy;
			containerPortal = A6E8475C248CA0130087D6C7 /* Project object */;
			proxyType = 1;
			remoteGlobalIDString = A6E84763248CA0130087D6C7;
			remoteInfo = Sample;
		};
		A6E84786248CA0170087D6C7 /* PBXContainerItemProxy */ = {
			isa = PBXContainerItemProxy;
			containerPortal = A6E8475C248CA0130087D6C7 /* Project object */;
			proxyType = 1;
			remoteGlobalIDString = A6E84763248CA0130087D6C7;
			remoteInfo = Sample;
		};
/* End PBXContainerItemProxy section */

/* Begin PBXCopyFilesBuildPhase section */
		A6E8479B248CD30F0087D6C7 /* Embed Frameworks */ = {
			isa = PBXCopyFilesBuildPhase;
			buildActionMask = 2147483647;
			dstPath = "";
			dstSubfolderSpec = 10;
			files = (
				A6E8479A248CD30F0087D6C7 /* Alamofire.framework in Embed Frameworks */,
			);
			name = "Embed Frameworks";
			runOnlyForDeploymentPostprocessing = 0;
		};
/* End PBXCopyFilesBuildPhase section */

/* Begin PBXFileReference section */
		116FE837A7690A0E75BC06B2 /* Pods-SampleUITests.release.xcconfig */ = {isa = PBXFileReference; includeInIndex = 1; lastKnownFileType = text.xcconfig; name = "Pods-SampleUITests.release.xcconfig"; path = "Target Support Files/Pods-SampleUITests/Pods-SampleUITests.release.xcconfig"; sourceTree = "<group>"; };
		43BA16D0E3E061E1277FE18E /* Pods_Sample.framework */ = {isa = PBXFileReference; explicitFileType = wrapper.framework; includeInIndex = 0; path = Pods_Sample.framework; sourceTree = BUILT_PRODUCTS_DIR; };
		7782FB22A8128F53E9BE5927 /* Pods-Sample.debug.xcconfig */ = {isa = PBXFileReference; includeInIndex = 1; lastKnownFileType = text.xcconfig; name = "Pods-Sample.debug.xcconfig"; path = "Target Support Files/Pods-Sample/Pods-Sample.debug.xcconfig"; sourceTree = "<group>"; };
		7F00D60D9E98C75CC1F46B48 /* Pods-SampleTests.release.xcconfig */ = {isa = PBXFileReference; includeInIndex = 1; lastKnownFileType = text.xcconfig; name = "Pods-SampleTests.release.xcconfig"; path = "Target Support Files/Pods-SampleTests/Pods-SampleTests.release.xcconfig"; sourceTree = "<group>"; };
		8F601FA5F3732744B7E7AD15 /* Pods-SampleTests.debug.xcconfig */ = {isa = PBXFileReference; includeInIndex = 1; lastKnownFileType = text.xcconfig; name = "Pods-SampleTests.debug.xcconfig"; path = "Target Support Files/Pods-SampleTests/Pods-SampleTests.debug.xcconfig"; sourceTree = "<group>"; };
		A6E84764248CA0130087D6C7 /* Sample.app */ = {isa = PBXFileReference; explicitFileType = wrapper.application; includeInIndex = 0; path = Sample.app; sourceTree = BUILT_PRODUCTS_DIR; };
		A6E84767248CA0130087D6C7 /* AppDelegate.swift */ = {isa = PBXFileReference; lastKnownFileType = sourcecode.swift; path = AppDelegate.swift; sourceTree = "<group>"; };
		A6E84769248CA0130087D6C7 /* SceneDelegate.swift */ = {isa = PBXFileReference; lastKnownFileType = sourcecode.swift; path = SceneDelegate.swift; sourceTree = "<group>"; };
		A6E8476B248CA0130087D6C7 /* ViewController.swift */ = {isa = PBXFileReference; lastKnownFileType = sourcecode.swift; path = ViewController.swift; sourceTree = "<group>"; };
		A6E8476E248CA0130087D6C7 /* Base */ = {isa = PBXFileReference; lastKnownFileType = file.storyboard; name = Base; path = Base.lproj/Main.storyboard; sourceTree = "<group>"; };
		A6E84770248CA0170087D6C7 /* Assets.xcassets */ = {isa = PBXFileReference; lastKnownFileType = folder.assetcatalog; path = Assets.xcassets; sourceTree = "<group>"; };
		A6E84773248CA0170087D6C7 /* Base */ = {isa = PBXFileReference; lastKnownFileType = file.storyboard; name = Base; path = Base.lproj/LaunchScreen.storyboard; sourceTree = "<group>"; };
		A6E84775248CA0170087D6C7 /* Info.plist */ = {isa = PBXFileReference; lastKnownFileType = text.plist.xml; path = Info.plist; sourceTree = "<group>"; };
		A6E8477A248CA0170087D6C7 /* SampleTests.xctest */ = {isa = PBXFileReference; explicitFileType = wrapper.cfbundle; includeInIndex = 0; path = SampleTests.xctest; sourceTree = BUILT_PRODUCTS_DIR; };
		A6E8477E248CA0170087D6C7 /* SampleTests.swift */ = {isa = PBXFileReference; lastKnownFileType = sourcecode.swift; path = SampleTests.swift; sourceTree = "<group>"; };
		A6E84780248CA0170087D6C7 /* Info.plist */ = {isa = PBXFileReference; lastKnownFileType = text.plist.xml; path = Info.plist; sourceTree = "<group>"; };
		A6E84785248CA0170087D6C7 /* SampleUITests.xctest */ = {isa = PBXFileReference; explicitFileType = wrapper.cfbundle; includeInIndex = 0; path = SampleUITests.xctest; sourceTree = BUILT_PRODUCTS_DIR; };
		A6E84789248CA0170087D6C7 /* SampleUITests.swift */ = {isa = PBXFileReference; lastKnownFileType = sourcecode.swift; path = SampleUITests.swift; sourceTree = "<group>"; };
		A6E8478B248CA0170087D6C7 /* Info.plist */ = {isa = PBXFileReference; lastKnownFileType = text.plist.xml; path = Info.plist; sourceTree = "<group>"; };
		A6E84798248CD30F0087D6C7 /* Alamofire.framework */ = {isa = PBXFileReference; lastKnownFileType = wrapper.framework; name = Alamofire.framework; path = Carthage/Build/iOS/Alamofire.framework; sourceTree = "<group>"; };
		A9D380C9ED2DABDDD01E0544 /* Pods-Sample.release.xcconfig */ = {isa = PBXFileReference; includeInIndex = 1; lastKnownFileType = text.xcconfig; name = "Pods-Sample.release.xcconfig"; path = "Target Support Files/Pods-Sample/Pods-Sample.release.xcconfig"; sourceTree = "<group>"; };
		B1491E334D2A515AF7E305B9 /* Pods_SampleUITests.framework */ = {isa = PBXFileReference; explicitFileType = wrapper.framework; includeInIndex = 0; path = Pods_SampleUITests.framework; sourceTree = BUILT_PRODUCTS_DIR; };
		CA713E768269E10C748D79D5 /* Pods_SampleTests.framework */ = {isa = PBXFileReference; explicitFileType = wrapper.framework; includeInIndex = 0; path = Pods_SampleTests.framework; sourceTree = BUILT_PRODUCTS_DIR; };
		F8D19527A86CE7CCDF6BA9A0 /* Pods-SampleUITests.debug.xcconfig */ = {isa = PBXFileReference; includeInIndex = 1; lastKnownFileType = text.xcconfig; name = "Pods-SampleUITests.debug.xcconfig"; path = "Target Support Files/Pods-SampleUITests/Pods-SampleUITests.debug.xcconfig"; sourceTree = "<group>"; };
/* End PBXFileReference section */

/* Begin PBXFrameworksBuildPhase section */
		A6E84761248CA0130087D6C7 /* Frameworks */ = {
			isa = PBXFrameworksBuildPhase;
			buildActionMask = 2147483647;
			files = (
				E1BD09FBF81F4A74F844C954 /* Pods_Sample.framework in Frameworks */,
				A6E84799248CD30F0087D6C7 /* Alamofire.framework in Frameworks */,
			);
			runOnlyForDeploymentPostprocessing = 0;
		};
		A6E84777248CA0170087D6C7 /* Frameworks */ = {
			isa = PBXFrameworksBuildPhase;
			buildActionMask = 2147483647;
			files = (
				2969EFB77114552A67651A58 /* Pods_SampleTests.framework in Frameworks */,
			);
			runOnlyForDeploymentPostprocessing = 0;
		};
		A6E84782248CA0170087D6C7 /* Frameworks */ = {
			isa = PBXFrameworksBuildPhase;
			buildActionMask = 2147483647;
			files = (
				3E95EF257C290307D4AC8362 /* Pods_SampleUITests.framework in Frameworks */,
			);
			runOnlyForDeploymentPostprocessing = 0;
		};
/* End PBXFrameworksBuildPhase section */

/* Begin PBXGroup section */
		3AA623B7D13AC34C0F4C739D /* Pods */ = {
			isa = PBXGroup;
			children = (
				7782FB22A8128F53E9BE5927 /* Pods-Sample.debug.xcconfig */,
				A9D380C9ED2DABDDD01E0544 /* Pods-Sample.release.xcconfig */,
				8F601FA5F3732744B7E7AD15 /* Pods-SampleTests.debug.xcconfig */,
				7F00D60D9E98C75CC1F46B48 /* Pods-SampleTests.release.xcconfig */,
				F8D19527A86CE7CCDF6BA9A0 /* Pods-SampleUITests.debug.xcconfig */,
				116FE837A7690A0E75BC06B2 /* Pods-SampleUITests.release.xcconfig */,
			);
			path = Pods;
			sourceTree = "<group>";
		};
		73CF123986D229C9C48252B3 /* Frameworks */ = {
			isa = PBXGroup;
			children = (
				A6E84798248CD30F0087D6C7 /* Alamofire.framework */,
				43BA16D0E3E061E1277FE18E /* Pods_Sample.framework */,
				CA713E768269E10C748D79D5 /* Pods_SampleTests.framework */,
				B1491E334D2A515AF7E305B9 /* Pods_SampleUITests.framework */,
			);
			name = Frameworks;
			sourceTree = "<group>";
		};
		A6E8475B248CA0130087D6C7 = {
			isa = PBXGroup;
			children = (
				A6E84766248CA0130087D6C7 /* Sample */,
				A6E8477D248CA0170087D6C7 /* SampleTests */,
				A6E84788248CA0170087D6C7 /* SampleUITests */,
				A6E84765248CA0130087D6C7 /* Products */,
				3AA623B7D13AC34C0F4C739D /* Pods */,
				73CF123986D229C9C48252B3 /* Frameworks */,
			);
			sourceTree = "<group>";
		};
		A6E84765248CA0130087D6C7 /* Products */ = {
			isa = PBXGroup;
			children = (
				A6E84764248CA0130087D6C7 /* Sample.app */,
				A6E8477A248CA0170087D6C7 /* SampleTests.xctest */,
				A6E84785248CA0170087D6C7 /* SampleUITests.xctest */,
			);
			name = Products;
			sourceTree = "<group>";
		};
		A6E84766248CA0130087D6C7 /* Sample */ = {
			isa = PBXGroup;
			children = (
				A6E84767248CA0130087D6C7 /* AppDelegate.swift */,
				A6E84769248CA0130087D6C7 /* SceneDelegate.swift */,
				A6E8476B248CA0130087D6C7 /* ViewController.swift */,
				A6E8476D248CA0130087D6C7 /* Main.storyboard */,
				A6E84770248CA0170087D6C7 /* Assets.xcassets */,
				A6E84772248CA0170087D6C7 /* LaunchScreen.storyboard */,
				A6E84775248CA0170087D6C7 /* Info.plist */,
			);
			path = Sample;
			sourceTree = "<group>";
		};
		A6E8477D248CA0170087D6C7 /* SampleTests */ = {
			isa = PBXGroup;
			children = (
				A6E8477E248CA0170087D6C7 /* SampleTests.swift */,
				A6E84780248CA0170087D6C7 /* Info.plist */,
			);
			path = SampleTests;
			sourceTree = "<group>";
		};
		A6E84788248CA0170087D6C7 /* SampleUITests */ = {
			isa = PBXGroup;
			children = (
				A6E84789248CA0170087D6C7 /* SampleUITests.swift */,
				A6E8478B248CA0170087D6C7 /* Info.plist */,
			);
			path = SampleUITests;
			sourceTree = "<group>";
		};
/* End PBXGroup section */

/* Begin PBXNativeTarget section */
		A6E84763248CA0130087D6C7 /* Sample */ = {
			isa = PBXNativeTarget;
			buildConfigurationList = A6E8478E248CA0170087D6C7 /* Build configuration list for PBXNativeTarget "Sample" */;
			buildPhases = (
				7BAEAE3F09326EB7DF802440 /* [CP] Check Pods Manifest.lock */,
				A6E84760248CA0130087D6C7 /* Sources */,
				A6E84761248CA0130087D6C7 /* Frameworks */,
				A6E84762248CA0130087D6C7 /* Resources */,
				A6E84797248CD0A20087D6C7 /* Carthage Run Script */,
				A6E8479B248CD30F0087D6C7 /* Embed Frameworks */,
			);
			buildRules = (
			);
			dependencies = (
			);
			name = Sample;
			productName = Sample;
			productReference = A6E84764248CA0130087D6C7 /* Sample.app */;
			productType = "com.apple.product-type.application";
		};
		A6E84779248CA0170087D6C7 /* SampleTests */ = {
			isa = PBXNativeTarget;
			buildConfigurationList = A6E84791248CA0170087D6C7 /* Build configuration list for PBXNativeTarget "SampleTests" */;
			buildPhases = (
				9910087110FC0815C79C3E5E /* [CP] Check Pods Manifest.lock */,
				A6E84776248CA0170087D6C7 /* Sources */,
				A6E84777248CA0170087D6C7 /* Frameworks */,
				A6E84778248CA0170087D6C7 /* Resources */,
			);
			buildRules = (
			);
			dependencies = (
				A6E8477C248CA0170087D6C7 /* PBXTargetDependency */,
			);
			name = SampleTests;
			productName = SampleTests;
			productReference = A6E8477A248CA0170087D6C7 /* SampleTests.xctest */;
			productType = "com.apple.product-type.bundle.unit-test";
		};
		A6E84784248CA0170087D6C7 /* SampleUITests */ = {
			isa = PBXNativeTarget;
			buildConfigurationList = A6E84794248CA0170087D6C7 /* Build configuration list for PBXNativeTarget "SampleUITests" */;
			buildPhases = (
				C29E4B0432DC4BD0CBCE3F75 /* [CP] Check Pods Manifest.lock */,
				A6E84781248CA0170087D6C7 /* Sources */,
				A6E84782248CA0170087D6C7 /* Frameworks */,
				A6E84783248CA0170087D6C7 /* Resources */,
			);
			buildRules = (
			);
			dependencies = (
				A6E84787248CA0170087D6C7 /* PBXTargetDependency */,
			);
			name = SampleUITests;
			productName = SampleUITests;
			productReference = A6E84785248CA0170087D6C7 /* SampleUITests.xctest */;
			productType = "com.apple.product-type.bundle.ui-testing";
		};
/* End PBXNativeTarget section */

/* Begin PBXProject section */
		A6E8475C248CA0130087D6C7 /* Project object */ = {
			isa = PBXProject;
			attributes = {
				LastSwiftUpdateCheck = 1130;
				LastUpgradeCheck = 1130;
				ORGANIZATIONNAME = com.template;
				TargetAttributes = {
					A6E84763248CA0130087D6C7 = {
						CreatedOnToolsVersion = 11.3.1;
					};
					A6E84779248CA0170087D6C7 = {
						CreatedOnToolsVersion = 11.3.1;
						TestTargetID = A6E84763248CA0130087D6C7;
					};
					A6E84784248CA0170087D6C7 = {
						CreatedOnToolsVersion = 11.3.1;
						TestTargetID = A6E84763248CA0130087D6C7;
					};
				};
			};
			buildConfigurationList = A6E8475F248CA0130087D6C7 /* Build configuration list for PBXProject "Sample" */;
			compatibilityVersion = "Xcode 9.3";
			developmentRegion = en;
			hasScannedForEncodings = 0;
			knownRegions = (
				en,
				Base,
			);
			mainGroup = A6E8475B248CA0130087D6C7;
			productRefGroup = A6E84765248CA0130087D6C7 /* Products */;
			projectDirPath = "";
			projectRoot = "";
			targets = (
				A6E84763248CA0130087D6C7 /* Sample */,
				A6E84779248CA0170087D6C7 /* SampleTests */,
				A6E84784248CA0170087D6C7 /* SampleUITests */,
			);
		};
/* End PBXProject section */

/* Begin PBXResourcesBuildPhase section */
		A6E84762248CA0130087D6C7 /* Resources */ = {
			isa = PBXResourcesBuildPhase;
			buildActionMask = 2147483647;
			files = (
				A6E84774248CA0170087D6C7 /* LaunchScreen.storyboard in Resources */,
				A6E84771248CA0170087D6C7 /* Assets.xcassets in Resources */,
				A6E8476F248CA0130087D6C7 /* Main.storyboard in Resources */,
			);
			runOnlyForDeploymentPostprocessing = 0;
		};
		A6E84778248CA0170087D6C7 /* Resources */ = {
			isa = PBXResourcesBuildPhase;
			buildActionMask = 2147483647;
			files = (
			);
			runOnlyForDeploymentPostprocessing = 0;
		};
		A6E84783248CA0170087D6C7 /* Resources */ = {
			isa = PBXResourcesBuildPhase;
			buildActionMask = 2147483647;
			files = (
			);
			runOnlyForDeploymentPostprocessing = 0;
		};
/* End PBXResourcesBuildPhase section */

/* Begin PBXShellScriptBuildPhase section */
		7BAEAE3F09326EB7DF802440 /* [CP] Check Pods Manifest.lock */ = {
			isa = PBXShellScriptBuildPhase;
			buildActionMask = 2147483647;
			files = (
			);
			inputFileListPaths = (
			);
			inputPaths = (
				"${PODS_PODFILE_DIR_PATH}/Podfile.lock",
				"${PODS_ROOT}/Manifest.lock",
			);
			name = "[CP] Check Pods Manifest.lock";
			outputFileListPaths = (
			);
			outputPaths = (
				"$(DERIVED_FILE_DIR)/Pods-Sample-checkManifestLockResult.txt",
			);
			runOnlyForDeploymentPostprocessing = 0;
			shellPath = /bin/sh;
			shellScript = "diff \"${PODS_PODFILE_DIR_PATH}/Podfile.lock\" \"${PODS_ROOT}/Manifest.lock\" > /dev/null\nif [ $? != 0 ] ; then\n    # print error to STDERR\n    echo \"error: The sandbox is not in sync with the Podfile.lock. Run 'pod install' or update your CocoaPods installation.\" >&2\n    exit 1\nfi\n# This output is used by Xcode 'outputs' to avoid re-running this script phase.\necho \"SUCCESS\" > \"${SCRIPT_OUTPUT_FILE_0}\"\n";
			showEnvVarsInLog = 0;
		};
		9910087110FC0815C79C3E5E /* [CP] Check Pods Manifest.lock */ = {
			isa = PBXShellScriptBuildPhase;
			buildActionMask = 2147483647;
			files = (
			);
			inputFileListPaths = (
			);
			inputPaths = (
				"${PODS_PODFILE_DIR_PATH}/Podfile.lock",
				"${PODS_ROOT}/Manifest.lock",
			);
			name = "[CP] Check Pods Manifest.lock";
			outputFileListPaths = (
			);
			outputPaths = (
				"$(DERIVED_FILE_DIR)/Pods-SampleTests-checkManifestLockResult.txt",
			);
			runOnlyForDeploymentPostprocessing = 0;
			shellPath = /bin/sh;
			shellScript = "diff \"${PODS_PODFILE_DIR_PATH}/Podfile.lock\" \"${PODS_ROOT}/Manifest.lock\" > /dev/null\nif [ $? != 0 ] ; then\n    # print error to STDERR\n    echo \"error: The sandbox is not in sync with the Podfile.lock. Run 'pod install' or update your CocoaPods installation.\" >&2\n    exit 1\nfi\n# This output is used by Xcode 'outputs' to avoid re-running this script phase.\necho \"SUCCESS\" > \"${SCRIPT_OUTPUT_FILE_0}\"\n";
			showEnvVarsInLog = 0;
		};
		A6E84797248CD0A20087D6C7 /* Carthage Run Script */ = {
			isa = PBXShellScriptBuildPhase;
			buildActionMask = 2147483647;
			files = (
			);
			inputFileListPaths = (
			);
			inputPaths = (
				"$(SRCROOT)/Carthage/Build/iOS/Alamofire.framework",
			);
			name = "Carthage Run Script";
			outputFileListPaths = (
			);
			outputPaths = (
			);
			runOnlyForDeploymentPostprocessing = 0;
			shellPath = /bin/sh;
			shellScript = "# Type a script or drag a script file from your workspace to insert its path.\n/usr/local/bin/carthage copy-frameworks\n";
		};
		C29E4B0432DC4BD0CBCE3F75 /* [CP] Check Pods Manifest.lock */ = {
			isa = PBXShellScriptBuildPhase;
			buildActionMask = 2147483647;
			files = (
			);
			inputFileListPaths = (
			);
			inputPaths = (
				"${PODS_PODFILE_DIR_PATH}/Podfile.lock",
				"${PODS_ROOT}/Manifest.lock",
			);
			name = "[CP] Check Pods Manifest.lock";
			outputFileListPaths = (
			);
			outputPaths = (
				"$(DERIVED_FILE_DIR)/Pods-SampleUITests-checkManifestLockResult.txt",
			);
			runOnlyForDeploymentPostprocessing = 0;
			shellPath = /bin/sh;
			shellScript = "diff \"${PODS_PODFILE_DIR_PATH}/Podfile.lock\" \"${PODS_ROOT}/Manifest.lock\" > /dev/null\nif [ $? != 0 ] ; then\n    # print error to STDERR\n    echo \"error: The sandbox is not in sync with the Podfile.lock. Run 'pod install' or update your CocoaPods installation.\" >&2\n    exit 1\nfi\n# This output is used by Xcode 'outputs' to avoid re-running this script phase.\necho \"SUCCESS\" > \"${SCRIPT_OUTPUT_FILE_0}\"\n";
			showEnvVarsInLog = 0;
		};
/* End PBXShellScriptBuildPhase section */

/* Begin PBXSourcesBuildPhase section */
		A6E84760248CA0130087D6C7 /* Sources */ = {
			isa = PBXSourcesBuildPhase;
			buildActionMask = 2147483647;
			files = (
				A6E8476C248CA0130087D6C7 /* ViewController.swift in Sources */,
				A6E84768248CA0130087D6C7 /* AppDelegate.swift in Sources */,
				A6E8476A248CA0130087D6C7 /* SceneDelegate.swift in Sources */,
			);
			runOnlyForDeploymentPostprocessing = 0;
		};
		A6E84776248CA0170087D6C7 /* Sources */ = {
			isa = PBXSourcesBuildPhase;
			buildActionMask = 2147483647;
			files = (
				A6E8477F248CA0170087D6C7 /* SampleTests.swift in Sources */,
			);
			runOnlyForDeploymentPostprocessing = 0;
		};
		A6E84781248CA0170087D6C7 /* Sources */ = {
			isa = PBXSourcesBuildPhase;
			buildActionMask = 2147483647;
			files = (
				A6E8478A248CA0170087D6C7 /* SampleUITests.swift in Sources */,
			);
			runOnlyForDeploymentPostprocessing = 0;
		};
/* End PBXSourcesBuildPhase section */

/* Begin PBXTargetDependency section */
		A6E8477C248CA0170087D6C7 /* PBXTargetDependency */ = {
			isa = PBXTargetDependency;
			target = A6E84763248CA0130087D6C7 /* Sample */;
			targetProxy = A6E8477B248CA0170087D6C7 /* PBXContainerItemProxy */;
		};
		A6E84787248CA0170087D6C7 /* PBXTargetDependency */ = {
			isa = PBXTargetDependency;
			target = A6E84763248CA0130087D6C7 /* Sample */;
			targetProxy = A6E84786248CA0170087D6C7 /* PBXContainerItemProxy */;
		};
/* End PBXTargetDependency section */

/* Begin PBXVariantGroup section */
		A6E8476D248CA0130087D6C7 /* Main.storyboard */ = {
			isa = PBXVariantGroup;
			children = (
				A6E8476E248CA0130087D6C7 /* Base */,
			);
			name = Main.storyboard;
			sourceTree = "<group>";
		};
		A6E84772248CA0170087D6C7 /* LaunchScreen.storyboard */ = {
			isa = PBXVariantGroup;
			children = (
				A6E84773248CA0170087D6C7 /* Base */,
			);
			name = LaunchScreen.storyboard;
			sourceTree = "<group>";
		};
/* End PBXVariantGroup section */

/* Begin XCBuildConfiguration section */
		A6E8478C248CA0170087D6C7 /* Debug */ = {
			isa = XCBuildConfiguration;
			buildSettings = {
				ALWAYS_SEARCH_USER_PATHS = NO;
				CLANG_ANALYZER_NONNULL = YES;
				CLANG_ANALYZER_NUMBER_OBJECT_CONVERSION = YES_AGGRESSIVE;
				CLANG_CXX_LANGUAGE_STANDARD = "gnu++14";
				CLANG_CXX_LIBRARY = "libc++";
				CLANG_ENABLE_MODULES = YES;
				CLANG_ENABLE_OBJC_ARC = YES;
				CLANG_ENABLE_OBJC_WEAK = YES;
				CLANG_WARN_BLOCK_CAPTURE_AUTORELEASING = YES;
				CLANG_WARN_BOOL_CONVERSION = YES;
				CLANG_WARN_COMMA = YES;
				CLANG_WARN_CONSTANT_CONVERSION = YES;
				CLANG_WARN_DEPRECATED_OBJC_IMPLEMENTATIONS = YES;
				CLANG_WARN_DIRECT_OBJC_ISA_USAGE = YES_ERROR;
				CLANG_WARN_DOCUMENTATION_COMMENTS = YES;
				CLANG_WARN_EMPTY_BODY = YES;
				CLANG_WARN_ENUM_CONVERSION = YES;
				CLANG_WARN_INFINITE_RECURSION = YES;
				CLANG_WARN_INT_CONVERSION = YES;
				CLANG_WARN_NON_LITERAL_NULL_CONVERSION = YES;
				CLANG_WARN_OBJC_IMPLICIT_RETAIN_SELF = YES;
				CLANG_WARN_OBJC_LITERAL_CONVERSION = YES;
				CLANG_WARN_OBJC_ROOT_CLASS = YES_ERROR;
				CLANG_WARN_RANGE_LOOP_ANALYSIS = YES;
				CLANG_WARN_STRICT_PROTOTYPES = YES;
				CLANG_WARN_SUSPICIOUS_MOVE = YES;
				CLANG_WARN_UNGUARDED_AVAILABILITY = YES_AGGRESSIVE;
				CLANG_WARN_UNREACHABLE_CODE = YES;
				CLANG_WARN__DUPLICATE_METHOD_MATCH = YES;
				COPY_PHASE_STRIP = NO;
				DEBUG_INFORMATION_FORMAT = dwarf;
				ENABLE_STRICT_OBJC_MSGSEND = YES;
				ENABLE_TESTABILITY = YES;
				GCC_C_LANGUAGE_STANDARD = gnu11;
				GCC_DYNAMIC_NO_PIC = NO;
				GCC_NO_COMMON_BLOCKS = YES;
				GCC_OPTIMIZATION_LEVEL = 0;
				GCC_PREPROCESSOR_DEFINITIONS = (
					"DEBUG=1",
					"$(inherited)",
				);
				GCC_WARN_64_TO_32_BIT_CONVERSION = YES;
				GCC_WARN_ABOUT_RETURN_TYPE = YES_ERROR;
				GCC_WARN_UNDECLARED_SELECTOR = YES;
				GCC_WARN_UNINITIALIZED_AUTOS = YES_AGGRESSIVE;
				GCC_WARN_UNUSED_FUNCTION = YES;
				GCC_WARN_UNUSED_VARIABLE = YES;
				IPHONEOS_DEPLOYMENT_TARGET = 13.2;
				MTL_ENABLE_DEBUG_INFO = INCLUDE_SOURCE;
				MTL_FAST_MATH = YES;
				ONLY_ACTIVE_ARCH = YES;
				SDKROOT = iphoneos;
				SWIFT_ACTIVE_COMPILATION_CONDITIONS = DEBUG;
				SWIFT_OPTIMIZATION_LEVEL = "-Onone";
			};
			name = Debug;
		};
		A6E8478D248CA0170087D6C7 /* Release */ = {
			isa = XCBuildConfiguration;
			buildSettings = {
				ALWAYS_SEARCH_USER_PATHS = NO;
				CLANG_ANALYZER_NONNULL = YES;
				CLANG_ANALYZER_NUMBER_OBJECT_CONVERSION = YES_AGGRESSIVE;
				CLANG_CXX_LANGUAGE_STANDARD = "gnu++14";
				CLANG_CXX_LIBRARY = "libc++";
				CLANG_ENABLE_MODULES = YES;
				CLANG_ENABLE_OBJC_ARC = YES;
				CLANG_ENABLE_OBJC_WEAK = YES;
				CLANG_WARN_BLOCK_CAPTURE_AUTORELEASING = YES;
				CLANG_WARN_BOOL_CONVERSION = YES;
				CLANG_WARN_COMMA = YES;
				CLANG_WARN_CONSTANT_CONVERSION = YES;
				CLANG_WARN_DEPRECATED_OBJC_IMPLEMENTATIONS = YES;
				CLANG_WARN_DIRECT_OBJC_ISA_USAGE = YES_ERROR;
				CLANG_WARN_DOCUMENTATION_COMMENTS = YES;
				CLANG_WARN_EMPTY_BODY = YES;
				CLANG_WARN_ENUM_CONVERSION = YES;
				CLANG_WARN_INFINITE_RECURSION = YES;
				CLANG_WARN_INT_CONVERSION = YES;
				CLANG_WARN_NON_LITERAL_NULL_CONVERSION = YES;
				CLANG_WARN_OBJC_IMPLICIT_RETAIN_SELF = YES;
				CLANG_WARN_OBJC_LITERAL_CONVERSION = YES;
				CLANG_WARN_OBJC_ROOT_CLASS = YES_ERROR;
				CLANG_WARN_RANGE_LOOP_ANALYSIS = YES;
				CLANG_WARN_STRICT_PROTOTYPES = YES;
				CLANG_WARN_SUSPICIOUS_MOVE = YES;
				CLANG_WARN_UNGUARDED_AVAILABILITY = YES_AGGRESSIVE;
				CLANG_WARN_UNREACHABLE_CODE = YES;
				CLANG_WARN__DUPLICATE_METHOD_MATCH = YES;
				COPY_PHASE_STRIP = NO;
				DEBUG_INFORMATION_FORMAT = "dwarf-with-dsym";
				ENABLE_NS_ASSERTIONS = NO;
				ENABLE_STRICT_OBJC_MSGSEND = YES;
				GCC_C_LANGUAGE_STANDARD = gnu11;
				GCC_NO_COMMON_BLOCKS = YES;
				GCC_WARN_64_TO_32_BIT_CONVERSION = YES;
				GCC_WARN_ABOUT_RETURN_TYPE = YES_ERROR;
				GCC_WARN_UNDECLARED_SELECTOR = YES;
				GCC_WARN_UNINITIALIZED_AUTOS = YES_AGGRESSIVE;
				GCC_WARN_UNUSED_FUNCTION = YES;
				GCC_WARN_UNUSED_VARIABLE = YES;
				IPHONEOS_DEPLOYMENT_TARGET = 13.2;
				MTL_ENABLE_DEBUG_INFO = NO;
				MTL_FAST_MATH = YES;
				SDKROOT = iphoneos;
				SWIFT_COMPILATION_MODE = wholemodule;
				SWIFT_OPTIMIZATION_LEVEL = "-O";
				VALIDATE_PRODUCT = YES;
			};
			name = Release;
		};
		A6E8478F248CA0170087D6C7 /* Debug */ = {
			isa = XCBuildConfiguration;
			baseConfigurationReference = 7782FB22A8128F53E9BE5927 /* Pods-Sample.debug.xcconfig */;
			buildSettings = {
				ASSETCATALOG_COMPILER_APPICON_NAME = AppIcon;
				CODE_SIGN_STYLE = Automatic;
				DEVELOPMENT_TEAM = 9MP37CWVWQ;
				FRAMEWORK_SEARCH_PATHS = (
					"$(inherited)",
					"$(PROJECT_DIR)/Carthage/Build/iOS",
				);
				INFOPLIST_FILE = Sample/Info.plist;
				LD_RUNPATH_SEARCH_PATHS = (
					"$(inherited)",
					"@executable_path/Frameworks",
				);
				PRODUCT_BUNDLE_IDENTIFIER = com.template.Sample;
				PRODUCT_NAME = "$(TARGET_NAME)";
				SWIFT_VERSION = 5.0;
				TARGETED_DEVICE_FAMILY = "1,2";
			};
			name = Debug;
		};
		A6E84790248CA0170087D6C7 /* Release */ = {
			isa = XCBuildConfiguration;
			baseConfigurationReference = A9D380C9ED2DABDDD01E0544 /* Pods-Sample.release.xcconfig */;
			buildSettings = {
				ASSETCATALOG_COMPILER_APPICON_NAME = AppIcon;
				CODE_SIGN_STYLE = Automatic;
				DEVELOPMENT_TEAM = 9MP37CWVWQ;
				FRAMEWORK_SEARCH_PATHS = (
					"$(inherited)",
					"$(PROJECT_DIR)/Carthage/Build/iOS",
				);
				INFOPLIST_FILE = Sample/Info.plist;
				LD_RUNPATH_SEARCH_PATHS = (
					"$(inherited)",
					"@executable_path/Frameworks",
				);
				PRODUCT_BUNDLE_IDENTIFIER = com.template.Sample;
				PRODUCT_NAME = "$(TARGET_NAME)";
				SWIFT_VERSION = 5.0;
				TARGETED_DEVICE_FAMILY = "1,2";
			};
			name = Release;
		};
		A6E84792248CA0170087D6C7 /* Debug */ = {
			isa = XCBuildConfiguration;
			baseConfigurationReference = 8F601FA5F3732744B7E7AD15 /* Pods-SampleTests.debug.xcconfig */;
			buildSettings = {
				ALWAYS_EMBED_SWIFT_STANDARD_LIBRARIES = YES;
				BUNDLE_LOADER = "$(TEST_HOST)";
				CODE_SIGN_STYLE = Automatic;
				DEVELOPMENT_TEAM = 9MP37CWVWQ;
				INFOPLIST_FILE = SampleTests/Info.plist;
				IPHONEOS_DEPLOYMENT_TARGET = 13.2;
				LD_RUNPATH_SEARCH_PATHS = (
					"$(inherited)",
					"@executable_path/Frameworks",
					"@loader_path/Frameworks",
				);
				PRODUCT_BUNDLE_IDENTIFIER = com.template.SampleTests;
				PRODUCT_NAME = "$(TARGET_NAME)";
				SWIFT_VERSION = 5.0;
				TARGETED_DEVICE_FAMILY = "1,2";
				TEST_HOST = "$(BUILT_PRODUCTS_DIR)/Sample.app/Sample";
			};
			name = Debug;
		};
		A6E84793248CA0170087D6C7 /* Release */ = {
			isa = XCBuildConfiguration;
			baseConfigurationReference = 7F00D60D9E98C75CC1F46B48 /* Pods-SampleTests.release.xcconfig */;
			buildSettings = {
				ALWAYS_EMBED_SWIFT_STANDARD_LIBRARIES = YES;
				BUNDLE_LOADER = "$(TEST_HOST)";
				CODE_SIGN_STYLE = Automatic;
				DEVELOPMENT_TEAM = 9MP37CWVWQ;
				INFOPLIST_FILE = SampleTests/Info.plist;
				IPHONEOS_DEPLOYMENT_TARGET = 13.2;
				LD_RUNPATH_SEARCH_PATHS = (
					"$(inherited)",
					"@executable_path/Frameworks",
					"@loader_path/Frameworks",
				);
				PRODUCT_BUNDLE_IDENTIFIER = com.template.SampleTests;
				PRODUCT_NAME = "$(TARGET_NAME)";
				SWIFT_VERSION = 5.0;
				TARGETED_DEVICE_FAMILY = "1,2";
				TEST_HOST = "$(BUILT_PRODUCTS_DIR)/Sample.app/Sample";
			};
			name = Release;
		};
		A6E84795248CA0170087D6C7 /* Debug */ = {
			isa = XCBuildConfiguration;
			baseConfigurationReference = F8D19527A86CE7CCDF6BA9A0 /* Pods-SampleUITests.debug.xcconfig */;
			buildSettings = {
				ALWAYS_EMBED_SWIFT_STANDARD_LIBRARIES = YES;
				CODE_SIGN_STYLE = Automatic;
				DEVELOPMENT_TEAM = 9MP37CWVWQ;
				INFOPLIST_FILE = SampleUITests/Info.plist;
				LD_RUNPATH_SEARCH_PATHS = (
					"$(inherited)",
					"@executable_path/Frameworks",
					"@loader_path/Frameworks",
				);
				PRODUCT_BUNDLE_IDENTIFIER = com.template.SampleUITests;
				PRODUCT_NAME = "$(TARGET_NAME)";
				SWIFT_VERSION = 5.0;
				TARGETED_DEVICE_FAMILY = "1,2";
				TEST_TARGET_NAME = Sample;
			};
			name = Debug;
		};
		A6E84796248CA0170087D6C7 /* Release */ = {
			isa = XCBuildConfiguration;
			baseConfigurationReference = 116FE837A7690A0E75BC06B2 /* Pods-SampleUITests.release.xcconfig */;
			buildSettings = {
				ALWAYS_EMBED_SWIFT_STANDARD_LIBRARIES = YES;
				CODE_SIGN_STYLE = Automatic;
				DEVELOPMENT_TEAM = 9MP37CWVWQ;
				INFOPLIST_FILE = SampleUITests/Info.plist;
				LD_RUNPATH_SEARCH_PATHS = (
					"$(inherited)",
					"@executable_path/Frameworks",
					"@loader_path/Frameworks",
				);
				PRODUCT_BUNDLE_IDENTIFIER = com.template.SampleUITests;
				PRODUCT_NAME = "$(TARGET_NAME)";
				SWIFT_VERSION = 5.0;
				TARGETED_DEVICE_FAMILY = "1,2";
				TEST_TARGET_NAME = Sample;
			};
			name = Release;
		};
/* End XCBuildConfiguration section */

/* Begin XCConfigurationList section */
		A6E8475F248CA0130087D6C7 /* Build configuration list for PBXProject "Sample" */ = {
			isa = XCConfigurationList;
			buildConfigurations = (
				A6E8478C248CA0170087D6C7 /* Debug */,
				A6E8478D248CA0170087D6C7 /* Release */,
			);
			defaultConfigurationIsVisible = 0;
			defaultConfigurationName = Release;
		};
		A6E8478E248CA0170087D6C7 /* Build configuration list for PBXNativeTarget "Sample" */ = {
			isa = XCConfigurationList;
			buildConfigurations = (
				A6E8478F248CA0170087D6C7 /* Debug */,
				A6E84790248CA0170087D6C7 /* Release */,
			);
			defaultConfigurationIsVisible = 0;
			defaultConfigurationName = Release;
		};
		A6E84791248CA0170087D6C7 /* Build configuration list for PBXNativeTarget "SampleTests" */ = {
			isa = XCConfigurationList;
			buildConfigurations = (
				A6E84792248CA0170087D6C7 /* Debug */,
				A6E84793248CA0170087D6C7 /* Release */,
			);
			defaultConfigurationIsVisible = 0;
			defaultConfigurationName = Release;
		};
		A6E84794248CA0170087D6C7 /* Build configuration list for PBXNativeTarget "SampleUITests" */ = {
			isa = XCConfigurationList;
			buildConfigurations = (
				A6E84795248CA0170087D6C7 /* Debug */,
				A6E84796248CA0170087D6C7 /* Release */,
			);
			defaultConfigurationIsVisible = 0;
			defaultConfigurationName = Release;
		};
/* End XCConfigurationList section */
	};
	rootObject = A6E8475C248CA0130087D6C7 /* Project object */;
}
